
Microsoft Visual Studio Solution File, Format Version 12.00
# Visual Studio 15
VisualStudioVersion = 15.0.26730.16
MinimumVisualStudioVersion = 10.0.40219.1
Project("{FAE04EC0-301F-11D3-BF4B-00C04F79EFBC}") = "ConsoleApp1", "ConsoleApp1\ConsoleApp1.csproj", "{A798475C-D834-432F-9EA1-D6127A783D90}"
EndProject
Global
	GlobalSection(SolutionConfigurationPlatforms) = preSolution
		Debug|Any CPU = Debug|Any CPU
		Release|Any CPU = Release|Any CPU
	EndGlobalSection
	GlobalSection(ProjectConfigurationPlatforms) = postSolution
		{A798475C-D834-432F-9EA1-D6127A783D90}.Debug|Any CPU.ActiveCfg = Debug|Any CPU
		{A798475C-D834-432F-9EA1-D6127A783D90}.Debug|Any CPU.Build.0 = Debug|Any CPU
		{A798475C-D834-432F-9EA1-D6127A783D90}.Release|Any CPU.ActiveCfg = Release|Any CPU
		{A798475C-D834-432F-9EA1-D6127A783D90}.Release|Any CPU.Build.0 = Release|Any CPU
	EndGlobalSection
	GlobalSection(SolutionProperties) = preSolution
		HideSolutionNode = FALSE
	EndGlobalSection
	GlobalSection(ExtensibilityGlobals) = postSolution
		SolutionGuid = {5F9264E5-2BEE-4044-B24E-51B7BE50B9D3}
	EndGlobalSection
EndGlobal
